
Microsoft Visual Studio Solution File, Format Version 12.00
Project("{FAE04EC0-301F-11D3-BF4B-00C04F79EFBC}") = "assignment_2", "assignment_2.csproj", "{CCE70F71-F892-4E3C-8B6E-96DAC12873DA}"
EndProject
Global
	GlobalSection(SolutionConfigurationPlatforms) = preSolution
		Debug|Any CPU = Debug|Any CPU
		Release|Any CPU = Release|Any CPU
	EndGlobalSection
	GlobalSection(ProjectConfigurationPlatforms) = postSolution
		{CCE70F71-F892-4E3C-8B6E-96DAC12873DA}.Debug|Any CPU.ActiveCfg = Debug|Any CPU
		{CCE70F71-F892-4E3C-8B6E-96DAC12873DA}.Debug|Any CPU.Build.0 = Debug|Any CPU
		{CCE70F71-F892-4E3C-8B6E-96DAC12873DA}.Release|Any CPU.ActiveCfg = Release|Any CPU
		{CCE70F71-F892-4E3C-8B6E-96DAC12873DA}.Release|Any CPU.Build.0 = Release|Any CPU
	EndGlobalSection
EndGlobal
